// !$*UTF8*$!
{
	archiveVersion = 1;
	classes = {
	};
	objectVersion = 55;
	objects = {

/* Begin PBXBuildFile section */
		322D2F8D289ACBD600C5B3DA /* collectionController.swift in Sources */ = {isa = PBXBuildFile; fileRef = 322D2F8C289ACBD600C5B3DA /* collectionController.swift */; };
		322D2F8F289ACCA300C5B3DA /* ZekrClass.swift in Sources */ = {isa = PBXBuildFile; fileRef = 322D2F8E289ACCA300C5B3DA /* ZekrClass.swift */; };
		322D2F91289ACE1A00C5B3DA /* zekrData.swift in Sources */ = {isa = PBXBuildFile; fileRef = 322D2F90289ACE1900C5B3DA /* zekrData.swift */; };
		324A2E4F286CF042006F5A8F /* AppDelegate.swift in Sources */ = {isa = PBXBuildFile; fileRef = 324A2E4E286CF042006F5A8F /* AppDelegate.swift */; };
		324A2E51286CF042006F5A8F /* SceneDelegate.swift in Sources */ = {isa = PBXBuildFile; fileRef = 324A2E50286CF042006F5A8F /* SceneDelegate.swift */; };
		324A2E56286CF042006F5A8F /* Main.storyboard in Resources */ = {isa = PBXBuildFile; fileRef = 324A2E54286CF042006F5A8F /* Main.storyboard */; };
		324A2E58286CF045006F5A8F /* Assets.xcassets in Resources */ = {isa = PBXBuildFile; fileRef = 324A2E57286CF045006F5A8F /* Assets.xcassets */; };
		324A2E5B286CF045006F5A8F /* LaunchScreen.storyboard in Resources */ = {isa = PBXBuildFile; fileRef = 324A2E59286CF045006F5A8F /* LaunchScreen.storyboard */; };
		32D8449F288D4B9C00CD25BD /* ViewController.swift in Sources */ = {isa = PBXBuildFile; fileRef = 32D8449E288D4B9C00CD25BD /* ViewController.swift */; };
/* End PBXBuildFile section */

/* Begin PBXFileReference section */
		322D2F8C289ACBD600C5B3DA /* collectionController.swift */ = {isa = PBXFileReference; lastKnownFileType = sourcecode.swift; path = collectionController.swift; sourceTree = "<group>"; };
		322D2F8E289ACCA300C5B3DA /* ZekrClass.swift */ = {isa = PBXFileReference; lastKnownFileType = sourcecode.swift; path = ZekrClass.swift; sourceTree = "<group>"; };
		322D2F90289ACE1900C5B3DA /* zekrData.swift */ = {isa = PBXFileReference; lastKnownFileType = sourcecode.swift; path = zekrData.swift; sourceTree = "<group>"; };
		324A2E4B286CF042006F5A8F /* Tasbeeh.app */ = {isa = PBXFileReference; explicitFileType = wrapper.application; includeInIndex = 0; path = Tasbeeh.app; sourceTree = BUILT_PRODUCTS_DIR; };
		324A2E4E286CF042006F5A8F /* AppDelegate.swift */ = {isa = PBXFileReference; lastKnownFileType = sourcecode.swift; path = AppDelegate.swift; sourceTree = "<group>"; };
		324A2E50286CF042006F5A8F /* SceneDelegate.swift */ = {isa = PBXFileReference; lastKnownFileType = sourcecode.swift; path = SceneDelegate.swift; sourceTree = "<group>"; };
		324A2E55286CF042006F5A8F /* Base */ = {isa = PBXFileReference; lastKnownFileType = file.storyboard; name = Base; path = Base.lproj/Main.storyboard; sourceTree = "<group>"; };
		324A2E57286CF045006F5A8F /* Assets.xcassets */ = {isa = PBXFileReference; lastKnownFileType = folder.assetcatalog; path = Assets.xcassets; sourceTree = "<group>"; };
		324A2E5A286CF045006F5A8F /* Base */ = {isa = PBXFileReference; lastKnownFileType = file.storyboard; name = Base; path = Base.lproj/LaunchScreen.storyboard; sourceTree = "<group>"; };
		324A2E5C286CF045006F5A8F /* Info.plist */ = {isa = PBXFileReference; lastKnownFileType = text.plist.xml; path = Info.plist; sourceTree = "<group>"; };
		32D8449E288D4B9C00CD25BD /* ViewController.swift */ = {isa = PBXFileReference; lastKnownFileType = sourcecode.swift; path = ViewController.swift; sourceTree = "<group>"; };
/* End PBXFileReference section */

/* Begin PBXFrameworksBuildPhase section */
		324A2E48286CF042006F5A8F /* Frameworks */ = {
			isa = PBXFrameworksBuildPhase;
			buildActionMask = 2147483647;
			files = (
			);
			runOnlyForDeploymentPostprocessing = 0;
		};
/* End PBXFrameworksBuildPhase section */

/* Begin PBXGroup section */
		324A2E42286CF042006F5A8F = {
			isa = PBXGroup;
			children = (
				324A2E4D286CF042006F5A8F /* Tasbeeh */,
				324A2E4C286CF042006F5A8F /* Products */,
			);
			sourceTree = "<group>";
		};
		324A2E4C286CF042006F5A8F /* Products */ = {
			isa = PBXGroup;
			children = (
				324A2E4B286CF042006F5A8F /* Tasbeeh.app */,
			);
			name = Products;
			sourceTree = "<group>";
		};
		324A2E4D286CF042006F5A8F /* Tasbeeh */ = {
			isa = PBXGroup;
			children = (
				324A2E4E286CF042006F5A8F /* AppDelegate.swift */,
				324A2E50286CF042006F5A8F /* SceneDelegate.swift */,
				322D2F90289ACE1900C5B3DA /* zekrData.swift */,
				322D2F8E289ACCA300C5B3DA /* ZekrClass.swift */,
				322D2F8C289ACBD600C5B3DA /* collectionController.swift */,
				32D8449E288D4B9C00CD25BD /* ViewController.swift */,
				324A2E54286CF042006F5A8F /* Main.storyboard */,
				324A2E57286CF045006F5A8F /* Assets.xcassets */,
				324A2E59286CF045006F5A8F /* LaunchScreen.storyboard */,
				324A2E5C286CF045006F5A8F /* Info.plist */,
			);
			path = Tasbeeh;
			sourceTree = "<group>";
		};
/* End PBXGroup section */

/* Begin PBXNativeTarget section */
		324A2E4A286CF042006F5A8F /* Tasbeeh */ = {
			isa = PBXNativeTarget;
			buildConfigurationList = 324A2E5F286CF045006F5A8F /* Build configuration list for PBXNativeTarget "Tasbeeh" */;
			buildPhases = (
				324A2E47286CF042006F5A8F /* Sources */,
				324A2E48286CF042006F5A8F /* Frameworks */,
				324A2E49286CF042006F5A8F /* Resources */,
			);
			buildRules = (
			);
			dependencies = (
			);
			name = Tasbeeh;
			productName = Tasbeeh;
			productReference = 324A2E4B286CF042006F5A8F /* Tasbeeh.app */;
			productType = "com.apple.product-type.application";
		};
/* End PBXNativeTarget section */

/* Begin PBXProject section */
		324A2E43286CF042006F5A8F /* Project object */ = {
			isa = PBXProject;
			attributes = {
				BuildIndependentTargetsInParallel = 1;
				LastSwiftUpdateCheck = 1330;
				LastUpgradeCheck = 1330;
				TargetAttributes = {
					324A2E4A286CF042006F5A8F = {
						CreatedOnToolsVersion = 13.3;
					};
				};
			};
			buildConfigurationList = 324A2E46286CF042006F5A8F /* Build configuration list for PBXProject "Tasbeeh" */;
			compatibilityVersion = "Xcode 13.0";
			developmentRegion = en;
			hasScannedForEncodings = 0;
			knownRegions = (
				en,
				Base,
			);
			mainGroup = 324A2E42286CF042006F5A8F;
			productRefGroup = 324A2E4C286CF042006F5A8F /* Products */;
			projectDirPath = "";
			projectRoot = "";
			targets = (
				324A2E4A286CF042006F5A8F /* Tasbeeh */,
			);
		};
/* End PBXProject section */

/* Begin PBXResourcesBuildPhase section */
		324A2E49286CF042006F5A8F /* Resources */ = {
			isa = PBXResourcesBuildPhase;
			buildActionMask = 2147483647;
			files = (
				324A2E5B286CF045006F5A8F /* LaunchScreen.storyboard in Resources */,
				324A2E58286CF045006F5A8F /* Assets.xcassets in Resources */,
				324A2E56286CF042006F5A8F /* Main.storyboard in Resources */,
			);
			runOnlyForDeploymentPostprocessing = 0;
		};
/* End PBXResourcesBuildPhase section */

/* Begin PBXSourcesBuildPhase section */
		324A2E47286CF042006F5A8F /* Sources */ = {
			isa = PBXSourcesBuildPhase;
			buildActionMask = 2147483647;
			files = (
				322D2F91289ACE1A00C5B3DA /* zekrData.swift in Sources */,
				32D8449F288D4B9C00CD25BD /* ViewController.swift in Sources */,
				324A2E4F286CF042006F5A8F /* AppDelegate.swift in Sources */,
				322D2F8F289ACCA300C5B3DA /* ZekrClass.swift in Sources */,
				324A2E51286CF042006F5A8F /* SceneDelegate.swift in Sources */,
				322D2F8D289ACBD600C5B3DA /* collectionController.swift in Sources */,
			);
			runOnlyForDeploymentPostprocessing = 0;
		};
/* End PBXSourcesBuildPhase section */

/* Begin PBXVariantGroup section */
		324A2E54286CF042006F5A8F /* Main.storyboard */ = {
			isa = PBXVariantGroup;
			children = (
				324A2E55286CF042006F5A8F /* Base */,
			);
			name = Main.storyboard;
			sourceTree = "<group>";
		};
		324A2E59286CF045006F5A8F /* LaunchScreen.storyboard */ = {
			isa = PBXVariantGroup;
			children = (
				324A2E5A286CF045006F5A8F /* Base */,
			);
			name = LaunchScreen.storyboard;
			sourceTree = "<group>";
		};
/* End PBXVariantGroup section */

/* Begin XCBuildConfiguration section */
		324A2E5D286CF045006F5A8F /* Debug */ = {
			isa = XCBuildConfiguration;
			buildSettings = {
				ALWAYS_SEARCH_USER_PATHS = NO;
				CLANG_ANALYZER_NONNULL = YES;
				CLANG_ANALYZER_NUMBER_OBJECT_CONVERSION = YES_AGGRESSIVE;
				CLANG_CXX_LANGUAGE_STANDARD = "gnu++17";
				CLANG_ENABLE_MODULES = YES;
				CLANG_ENABLE_OBJC_ARC = YES;
				CLANG_ENABLE_OBJC_WEAK = YES;
				CLANG_WARN_BLOCK_CAPTURE_AUTORELEASING = YES;
				CLANG_WARN_BOOL_CONVERSION = YES;
				CLANG_WARN_COMMA = YES;
				CLANG_WARN_CONSTANT_CONVERSION = YES;
				CLANG_WARN_DEPRECATED_OBJC_IMPLEMENTATIONS = YES;
				CLANG_WARN_DIRECT_OBJC_ISA_USAGE = YES_ERROR;
				CLANG_WARN_DOCUMENTATION_COMMENTS = YES;
				CLANG_WARN_EMPTY_BODY = YES;
				CLANG_WARN_ENUM_CONVERSION = YES;
				CLANG_WARN_INFINITE_RECURSION = YES;
				CLANG_WARN_INT_CONVERSION = YES;
				CLANG_WARN_NON_LITERAL_NULL_CONVERSION = YES;
				CLANG_WARN_OBJC_IMPLICIT_RETAIN_SELF = YES;
				CLANG_WARN_OBJC_LITERAL_CONVERSION = YES;
				CLANG_WARN_OBJC_ROOT_CLASS = YES_ERROR;
				CLANG_WARN_QUOTED_INCLUDE_IN_FRAMEWORK_HEADER = YES;
				CLANG_WARN_RANGE_LOOP_ANALYSIS = YES;
				CLANG_WARN_STRICT_PROTOTYPES = YES;
				CLANG_WARN_SUSPICIOUS_MOVE = YES;
				CLANG_WARN_UNGUARDED_AVAILABILITY = YES_AGGRESSIVE;
				CLANG_WARN_UNREACHABLE_CODE = YES;
				CLANG_WARN__DUPLICATE_METHOD_MATCH = YES;
				COPY_PHASE_STRIP = NO;
				DEBUG_INFORMATION_FORMAT = dwarf;
				ENABLE_STRICT_OBJC_MSGSEND = YES;
				ENABLE_TESTABILITY = YES;
				GCC_C_LANGUAGE_STANDARD = gnu11;
				GCC_DYNAMIC_NO_PIC = NO;
				GCC_NO_COMMON_BLOCKS = YES;
				GCC_OPTIMIZATION_LEVEL = 0;
				GCC_PREPROCESSOR_DEFINITIONS = (
					"DEBUG=1",
					"$(inherited)",
				);
				GCC_WARN_64_TO_32_BIT_CONVERSION = YES;
				GCC_WARN_ABOUT_RETURN_TYPE = YES_ERROR;
				GCC_WARN_UNDECLARED_SELECTOR = YES;
				GCC_WARN_UNINITIALIZED_AUTOS = YES_AGGRESSIVE;
				GCC_WARN_UNUSED_FUNCTION = YES;
				GCC_WARN_UNUSED_VARIABLE = YES;
				IPHONEOS_DEPLOYMENT_TARGET = 9.1;
				MTL_ENABLE_DEBUG_INFO = INCLUDE_SOURCE;
				MTL_FAST_MATH = YES;
				ONLY_ACTIVE_ARCH = YES;
				SDKROOT = iphoneos;
				SWIFT_ACTIVE_COMPILATION_CONDITIONS = DEBUG;
				SWIFT_OPTIMIZATION_LEVEL = "-Onone";
			};
			name = Debug;
		};
		324A2E5E286CF045006F5A8F /* Release */ = {
			isa = XCBuildConfiguration;
			buildSettings = {
				ALWAYS_SEARCH_USER_PATHS = NO;
				CLANG_ANALYZER_NONNULL = YES;
				CLANG_ANALYZER_NUMBER_OBJECT_CONVERSION = YES_AGGRESSIVE;
				CLANG_CXX_LANGUAGE_STANDARD = "gnu++17";
				CLANG_ENABLE_MODULES = YES;
				CLANG_ENABLE_OBJC_ARC = YES;
				CLANG_ENABLE_OBJC_WEAK = YES;
				CLANG_WARN_BLOCK_CAPTURE_AUTORELEASING = YES;
				CLANG_WARN_BOOL_CONVERSION = YES;
				CLANG_WARN_COMMA = YES;
				CLANG_WARN_CONSTANT_CONVERSION = YES;
				CLANG_WARN_DEPRECATED_OBJC_IMPLEMENTATIONS = YES;
				CLANG_WARN_DIRECT_OBJC_ISA_USAGE = YES_ERROR;
				CLANG_WARN_DOCUMENTATION_COMMENTS = YES;
				CLANG_WARN_EMPTY_BODY = YES;
				CLANG_WARN_ENUM_CONVERSION = YES;
				CLANG_WARN_INFINITE_RECURSION = YES;
				CLANG_WARN_INT_CONVERSION = YES;
				CLANG_WARN_NON_LITERAL_NULL_CONVERSION = YES;
				CLANG_WARN_OBJC_IMPLICIT_RETAIN_SELF = YES;
				CLANG_WARN_OBJC_LITERAL_CONVERSION = YES;
				CLANG_WARN_OBJC_ROOT_CLASS = YES_ERROR;
				CLANG_WARN_QUOTED_INCLUDE_IN_FRAMEWORK_HEADER = YES;
				CLANG_WARN_RANGE_LOOP_ANALYSIS = YES;
				CLANG_WARN_STRICT_PROTOTYPES = YES;
				CLANG_WARN_SUSPICIOUS_MOVE = YES;
				CLANG_WARN_UNGUARDED_AVAILABILITY = YES_AGGRESSIVE;
				CLANG_WARN_UNREACHABLE_CODE = YES;
				CLANG_WARN__DUPLICATE_METHOD_MATCH = YES;
				COPY_PHASE_STRIP = NO;
				DEBUG_INFORMATION_FORMAT = "dwarf-with-dsym";
				ENABLE_NS_ASSERTIONS = NO;
				ENABLE_STRICT_OBJC_MSGSEND = YES;
				GCC_C_LANGUAGE_STANDARD = gnu11;
				GCC_NO_COMMON_BLOCKS = YES;
				GCC_WARN_64_TO_32_BIT_CONVERSION = YES;
				GCC_WARN_ABOUT_RETURN_TYPE = YES_ERROR;
				GCC_WARN_UNDECLARED_SELECTOR = YES;
				GCC_WARN_UNINITIALIZED_AUTOS = YES_AGGRESSIVE;
				GCC_WARN_UNUSED_FUNCTION = YES;
				GCC_WARN_UNUSED_VARIABLE = YES;
				IPHONEOS_DEPLOYMENT_TARGET = 9.1;
				MTL_ENABLE_DEBUG_INFO = NO;
				MTL_FAST_MATH = YES;
				SDKROOT = iphoneos;
				SWIFT_COMPILATION_MODE = wholemodule;
				SWIFT_OPTIMIZATION_LEVEL = "-O";
				VALIDATE_PRODUCT = YES;
			};
			name = Release;
		};
		324A2E60286CF045006F5A8F /* Debug */ = {
			isa = XCBuildConfiguration;
			buildSettings = {
				ASSETCATALOG_COMPILER_APPICON_NAME = AppIcon;
				ASSETCATALOG_COMPILER_GLOBAL_ACCENT_COLOR_NAME = AccentColor;
				CODE_SIGN_STYLE = Automatic;
				CURRENT_PROJECT_VERSION = 1;
				DEVELOPMENT_TEAM = V92LW66S55;
				GENERATE_INFOPLIST_FILE = YES;
				INFOPLIST_FILE = Tasbeeh/Info.plist;
				INFOPLIST_KEY_UIApplicationSupportsIndirectInputEvents = YES;
				INFOPLIST_KEY_UILaunchStoryboardName = LaunchScreen;
				INFOPLIST_KEY_UIMainStoryboardFile = Main;
				INFOPLIST_KEY_UISupportedInterfaceOrientations_iPad = "UIInterfaceOrientationPortrait UIInterfaceOrientationPortraitUpsideDown UIInterfaceOrientationLandscapeLeft UIInterfaceOrientationLandscapeRight";
				INFOPLIST_KEY_UISupportedInterfaceOrientations_iPhone = "UIInterfaceOrientationPortrait UIInterfaceOrientationLandscapeLeft UIInterfaceOrientationLandscapeRight";
				LD_RUNPATH_SEARCH_PATHS = (
					"$(inherited)",
					"@executable_path/Frameworks",
				);
				MARKETING_VERSION = 1.0;
				PRODUCT_BUNDLE_IDENTIFIER = "com.eng.a.tahan-gmail.Tasbeeh";
				PRODUCT_NAME = "$(TARGET_NAME)";
				SWIFT_EMIT_LOC_STRINGS = YES;
				SWIFT_VERSION = 5.0;
				TARGETED_DEVICE_FAMILY = "1,2";
			};
			name = Debug;
		};
		324A2E61286CF045006F5A8F /* Release */ = {
			isa = XCBuildConfiguration;
			buildSettings = {
				ASSETCATALOG_COMPILER_APPICON_NAME = AppIcon;
				ASSETCATALOG_COMPILER_GLOBAL_ACCENT_COLOR_NAME = AccentColor;
				CODE_SIGN_STYLE = Automatic;
				CURRENT_PROJECT_VERSION = 1;
				DEVELOPMENT_TEAM = V92LW66S55;
				GENERATE_INFOPLIST_FILE = YES;
				INFOPLIST_FILE = Tasbeeh/Info.plist;
				INFOPLIST_KEY_UIApplicationSupportsIndirectInputEvents = YES;
				INFOPLIST_KEY_UILaunchStoryboardName = LaunchScreen;
				INFOPLIST_KEY_UIMainStoryboardFile = Main;
				INFOPLIST_KEY_UISupportedInterfaceOrientations_iPad = "UIInterfaceOrientationPortrait UIInterfaceOrientationPortraitUpsideDown UIInterfaceOrientationLandscapeLeft UIInterfaceOrientationLandscapeRight";
				INFOPLIST_KEY_UISupportedInterfaceOrientations_iPhone = "UIInterfaceOrientationPortrait UIInterfaceOrientationLandscapeLeft UIInterfaceOrientationLandscapeRight";
				LD_RUNPATH_SEARCH_PATHS = (
					"$(inherited)",
					"@executable_path/Frameworks",
				);
				MARKETING_VERSION = 1.0;
				PRODUCT_BUNDLE_IDENTIFIER = "com.eng.a.tahan-gmail.Tasbeeh";
				PRODUCT_NAME = "$(TARGET_NAME)";
				SWIFT_EMIT_LOC_STRINGS = YES;
				SWIFT_VERSION = 5.0;
				TARGETED_DEVICE_FAMILY = "1,2";
			};
			name = Release;
		};
/* End XCBuildConfiguration section */

/* Begin XCConfigurationList section */
		324A2E46286CF042006F5A8F /* Build configuration list for PBXProject "Tasbeeh" */ = {
			isa = XCConfigurationList;
			buildConfigurations = (
				324A2E5D286CF045006F5A8F /* Debug */,
				324A2E5E286CF045006F5A8F /* Release */,
			);
			defaultConfigurationIsVisible = 0;
			defaultConfigurationName = Release;
		};
		324A2E5F286CF045006F5A8F /* Build configuration list for PBXNativeTarget "Tasbeeh" */ = {
			isa = XCConfigurationList;
			buildConfigurations = (
				324A2E60286CF045006F5A8F /* Debug */,
				324A2E61286CF045006F5A8F /* Release */,
			);
			defaultConfigurationIsVisible = 0;
			defaultConfigurationName = Release;
		};
/* End XCConfigurationList section */
	};
	rootObject = 324A2E43286CF042006F5A8F /* Project object */;
}
